
Microsoft Visual Studio Solution File, Format Version 12.00
# Visual Studio Version 17
VisualStudioVersion = 17.7.34024.191
MinimumVisualStudioVersion = 10.0.40219.1
Project("{FAE04EC0-301F-11D3-BF4B-00C04F79EFBC}") = "Proyecto LP1 2 Abregu-Nuniez", "Proyecto LP1 2 Abregu-Nuniez\Proyecto LP1 2 Abregu-Nuniez.csproj", "{982C182E-BDFD-4C75-81CA-184B06E5DABB}"
EndProject
Global
	GlobalSection(SolutionConfigurationPlatforms) = preSolution
		Debug|Any CPU = Debug|Any CPU
		Release|Any CPU = Release|Any CPU
	EndGlobalSection
	GlobalSection(ProjectConfigurationPlatforms) = postSolution
		{982C182E-BDFD-4C75-81CA-184B06E5DABB}.Debug|Any CPU.ActiveCfg = Debug|Any CPU
		{982C182E-BDFD-4C75-81CA-184B06E5DABB}.Debug|Any CPU.Build.0 = Debug|Any CPU
		{982C182E-BDFD-4C75-81CA-184B06E5DABB}.Release|Any CPU.ActiveCfg = Release|Any CPU
		{982C182E-BDFD-4C75-81CA-184B06E5DABB}.Release|Any CPU.Build.0 = Release|Any CPU
	EndGlobalSection
	GlobalSection(SolutionProperties) = preSolution
		HideSolutionNode = FALSE
	EndGlobalSection
	GlobalSection(ExtensibilityGlobals) = postSolution
		SolutionGuid = {A7DF5ACF-47BF-4D0A-BCF2-5D01230D3720}
	EndGlobalSection
EndGlobal
